// !$*UTF8*$!
{
	archiveVersion = 1;
	classes = {
	};
	objectVersion = 50;
	objects = {

/* Begin PBXBuildFile section */
		04A6A4754E052A30E2740D96 /* Pods_Town_of_Salem.framework in Frameworks */ = {isa = PBXBuildFile; fileRef = 01DDF87168A08342522B1356 /* Pods_Town_of_Salem.framework */; };
		542DCACC216A6F460070F98A /* AppDelegate.swift in Sources */ = {isa = PBXBuildFile; fileRef = 542DCACB216A6F460070F98A /* AppDelegate.swift */; };
		542DCAD1216A6F460070F98A /* Main.storyboard in Resources */ = {isa = PBXBuildFile; fileRef = 542DCACF216A6F460070F98A /* Main.storyboard */; };
		542DCAD3216A6F490070F98A /* Assets.xcassets in Resources */ = {isa = PBXBuildFile; fileRef = 542DCAD2216A6F490070F98A /* Assets.xcassets */; };
		542DCAD6216A6F490070F98A /* LaunchScreen.storyboard in Resources */ = {isa = PBXBuildFile; fileRef = 542DCAD4216A6F490070F98A /* LaunchScreen.storyboard */; };
/* End PBXBuildFile section */

/* Begin PBXFileReference section */
		00932EA1637FBE2EA8E41989 /* Pods-Town of Salem.release.xcconfig */ = {isa = PBXFileReference; includeInIndex = 1; lastKnownFileType = text.xcconfig; name = "Pods-Town of Salem.release.xcconfig"; path = "Pods/Target Support Files/Pods-Town of Salem/Pods-Town of Salem.release.xcconfig"; sourceTree = "<group>"; };
		01DDF87168A08342522B1356 /* Pods_Town_of_Salem.framework */ = {isa = PBXFileReference; explicitFileType = wrapper.framework; includeInIndex = 0; path = Pods_Town_of_Salem.framework; sourceTree = BUILT_PRODUCTS_DIR; };
		542DCAC8216A6F460070F98A /* Town of Salem.app */ = {isa = PBXFileReference; explicitFileType = wrapper.application; includeInIndex = 0; path = "Town of Salem.app"; sourceTree = BUILT_PRODUCTS_DIR; };
		542DCACB216A6F460070F98A /* AppDelegate.swift */ = {isa = PBXFileReference; lastKnownFileType = sourcecode.swift; path = AppDelegate.swift; sourceTree = "<group>"; };
		542DCAD0216A6F460070F98A /* Base */ = {isa = PBXFileReference; lastKnownFileType = file.storyboard; name = Base; path = Base.lproj/Main.storyboard; sourceTree = "<group>"; };
		542DCAD2216A6F490070F98A /* Assets.xcassets */ = {isa = PBXFileReference; lastKnownFileType = folder.assetcatalog; path = Assets.xcassets; sourceTree = "<group>"; };
		542DCAD5216A6F490070F98A /* Base */ = {isa = PBXFileReference; lastKnownFileType = file.storyboard; name = Base; path = Base.lproj/LaunchScreen.storyboard; sourceTree = "<group>"; };
		542DCAD7216A6F490070F98A /* Info.plist */ = {isa = PBXFileReference; lastKnownFileType = text.plist.xml; path = Info.plist; sourceTree = "<group>"; };
		8B70B875C41584F34EDF9D5F /* Pods-Town of Salem.debug.xcconfig */ = {isa = PBXFileReference; includeInIndex = 1; lastKnownFileType = text.xcconfig; name = "Pods-Town of Salem.debug.xcconfig"; path = "Pods/Target Support Files/Pods-Town of Salem/Pods-Town of Salem.debug.xcconfig"; sourceTree = "<group>"; };
/* End PBXFileReference section */

/* Begin PBXFrameworksBuildPhase section */
		542DCAC5216A6F460070F98A /* Frameworks */ = {
			isa = PBXFrameworksBuildPhase;
			buildActionMask = 2147483647;
			files = (
				04A6A4754E052A30E2740D96 /* Pods_Town_of_Salem.framework in Frameworks */,
			);
			runOnlyForDeploymentPostprocessing = 0;
		};
/* End PBXFrameworksBuildPhase section */

/* Begin PBXGroup section */
		0C42FBDE0CBDB5D1F721CCCF /* Pods */ = {
			isa = PBXGroup;
			children = (
				8B70B875C41584F34EDF9D5F /* Pods-Town of Salem.debug.xcconfig */,
				00932EA1637FBE2EA8E41989 /* Pods-Town of Salem.release.xcconfig */,
			);
			name = Pods;
			sourceTree = "<group>";
		};
		542DCABF216A6F460070F98A = {
			isa = PBXGroup;
			children = (
				542DCACA216A6F460070F98A /* Town of Salem */,
				542DCAC9216A6F460070F98A /* Products */,
				0C42FBDE0CBDB5D1F721CCCF /* Pods */,
				E503194F688925E2F429D50E /* Frameworks */,
			);
			sourceTree = "<group>";
		};
		542DCAC9216A6F460070F98A /* Products */ = {
			isa = PBXGroup;
			children = (
				542DCAC8216A6F460070F98A /* Town of Salem.app */,
			);
			name = Products;
			sourceTree = "<group>";
		};
		542DCACA216A6F460070F98A /* Town of Salem */ = {
			isa = PBXGroup;
			children = (
				542DCACB216A6F460070F98A /* AppDelegate.swift */,
				542DCACF216A6F460070F98A /* Main.storyboard */,
				542DCAD2216A6F490070F98A /* Assets.xcassets */,
				542DCAD4216A6F490070F98A /* LaunchScreen.storyboard */,
				542DCAD7216A6F490070F98A /* Info.plist */,
			);
			path = "Town of Salem";
			sourceTree = "<group>";
		};
		E503194F688925E2F429D50E /* Frameworks */ = {
			isa = PBXGroup;
			children = (
				01DDF87168A08342522B1356 /* Pods_Town_of_Salem.framework */,
			);
			name = Frameworks;
			sourceTree = "<group>";
		};
/* End PBXGroup section */

/* Begin PBXNativeTarget section */
		542DCAC7216A6F460070F98A /* Town of Salem */ = {
			isa = PBXNativeTarget;
			buildConfigurationList = 542DCADA216A6F490070F98A /* Build configuration list for PBXNativeTarget "Town of Salem" */;
			buildPhases = (
				BAC1BC3809F19348499B9E68 /* [CP] Check Pods Manifest.lock */,
				542DCAC4216A6F460070F98A /* Sources */,
				542DCAC5216A6F460070F98A /* Frameworks */,
				542DCAC6216A6F460070F98A /* Resources */,
				6EB37C3432F842D12722D65A /* [CP] Embed Pods Frameworks */,
			);
			buildRules = (
			);
			dependencies = (
			);
			name = "Town of Salem";
			productName = "Town of Salem";
			productReference = 542DCAC8216A6F460070F98A /* Town of Salem.app */;
			productType = "com.apple.product-type.application";
		};
/* End PBXNativeTarget section */

/* Begin PBXProject section */
		542DCAC0216A6F460070F98A /* Project object */ = {
			isa = PBXProject;
			attributes = {
				LastSwiftUpdateCheck = 1000;
				LastUpgradeCheck = 1000;
				ORGANIZATIONNAME = "Zsolt Pete";
				TargetAttributes = {
					542DCAC7216A6F460070F98A = {
						CreatedOnToolsVersion = 10.0;
					};
				};
			};
			buildConfigurationList = 542DCAC3216A6F460070F98A /* Build configuration list for PBXProject "Town of Salem" */;
			compatibilityVersion = "Xcode 9.3";
			developmentRegion = en;
			hasScannedForEncodings = 0;
			knownRegions = (
				en,
				Base,
			);
			mainGroup = 542DCABF216A6F460070F98A;
			productRefGroup = 542DCAC9216A6F460070F98A /* Products */;
			projectDirPath = "";
			projectRoot = "";
			targets = (
				542DCAC7216A6F460070F98A /* Town of Salem */,
			);
		};
/* End PBXProject section */

/* Begin PBXResourcesBuildPhase section */
		542DCAC6216A6F460070F98A /* Resources */ = {
			isa = PBXResourcesBuildPhase;
			buildActionMask = 2147483647;
			files = (
				542DCAD6216A6F490070F98A /* LaunchScreen.storyboard in Resources */,
				542DCAD3216A6F490070F98A /* Assets.xcassets in Resources */,
				542DCAD1216A6F460070F98A /* Main.storyboard in Resources */,
			);
			runOnlyForDeploymentPostprocessing = 0;
		};
/* End PBXResourcesBuildPhase section */

/* Begin PBXShellScriptBuildPhase section */
		6EB37C3432F842D12722D65A /* [CP] Embed Pods Frameworks */ = {
			isa = PBXShellScriptBuildPhase;
			buildActionMask = 2147483647;
			files = (
			);
			inputFileListPaths = (
			);
			inputPaths = (
				"${SRCROOT}/Pods/Target Support Files/Pods-Town of Salem/Pods-Town of Salem-frameworks.sh",
				"${BUILT_PRODUCTS_DIR}/CYExtensions/CYExtensions.framework",
				"${BUILT_PRODUCTS_DIR}/CYLocalization/CYLocalization.framework",
				"${BUILT_PRODUCTS_DIR}/DZNEmptyDataSet/DZNEmptyDataSet.framework",
				"${BUILT_PRODUCTS_DIR}/MBProgressHUD/MBProgressHUD.framework",
				"${BUILT_PRODUCTS_DIR}/RxCocoa/RxCocoa.framework",
				"${BUILT_PRODUCTS_DIR}/RxSwift/RxSwift.framework",
				"${BUILT_PRODUCTS_DIR}/SQLite.swift/SQLite.framework",
				"${BUILT_PRODUCTS_DIR}/Toast-Swift/Toast_Swift.framework",
			);
			name = "[CP] Embed Pods Frameworks";
			outputFileListPaths = (
			);
			outputPaths = (
				"${TARGET_BUILD_DIR}/${FRAMEWORKS_FOLDER_PATH}/CYExtensions.framework",
				"${TARGET_BUILD_DIR}/${FRAMEWORKS_FOLDER_PATH}/CYLocalization.framework",
				"${TARGET_BUILD_DIR}/${FRAMEWORKS_FOLDER_PATH}/DZNEmptyDataSet.framework",
				"${TARGET_BUILD_DIR}/${FRAMEWORKS_FOLDER_PATH}/MBProgressHUD.framework",
				"${TARGET_BUILD_DIR}/${FRAMEWORKS_FOLDER_PATH}/RxCocoa.framework",
				"${TARGET_BUILD_DIR}/${FRAMEWORKS_FOLDER_PATH}/RxSwift.framework",
				"${TARGET_BUILD_DIR}/${FRAMEWORKS_FOLDER_PATH}/SQLite.framework",
				"${TARGET_BUILD_DIR}/${FRAMEWORKS_FOLDER_PATH}/Toast_Swift.framework",
			);
			runOnlyForDeploymentPostprocessing = 0;
			shellPath = /bin/sh;
			shellScript = "\"${SRCROOT}/Pods/Target Support Files/Pods-Town of Salem/Pods-Town of Salem-frameworks.sh\"\n";
			showEnvVarsInLog = 0;
		};
		BAC1BC3809F19348499B9E68 /* [CP] Check Pods Manifest.lock */ = {
			isa = PBXShellScriptBuildPhase;
			buildActionMask = 2147483647;
			files = (
			);
			inputFileListPaths = (
			);
			inputPaths = (
				"${PODS_PODFILE_DIR_PATH}/Podfile.lock",
				"${PODS_ROOT}/Manifest.lock",
			);
			name = "[CP] Check Pods Manifest.lock";
			outputFileListPaths = (
			);
			outputPaths = (
				"$(DERIVED_FILE_DIR)/Pods-Town of Salem-checkManifestLockResult.txt",
			);
			runOnlyForDeploymentPostprocessing = 0;
			shellPath = /bin/sh;
			shellScript = "diff \"${PODS_PODFILE_DIR_PATH}/Podfile.lock\" \"${PODS_ROOT}/Manifest.lock\" > /dev/null\nif [ $? != 0 ] ; then\n    # print error to STDERR\n    echo \"error: The sandbox is not in sync with the Podfile.lock. Run 'pod install' or update your CocoaPods installation.\" >&2\n    exit 1\nfi\n# This output is used by Xcode 'outputs' to avoid re-running this script phase.\necho \"SUCCESS\" > \"${SCRIPT_OUTPUT_FILE_0}\"\n";
			showEnvVarsInLog = 0;
		};
/* End PBXShellScriptBuildPhase section */

/* Begin PBXSourcesBuildPhase section */
		542DCAC4216A6F460070F98A /* Sources */ = {
			isa = PBXSourcesBuildPhase;
			buildActionMask = 2147483647;
			files = (
				542DCACC216A6F460070F98A /* AppDelegate.swift in Sources */,
			);
			runOnlyForDeploymentPostprocessing = 0;
		};
/* End PBXSourcesBuildPhase section */

/* Begin PBXVariantGroup section */
		542DCACF216A6F460070F98A /* Main.storyboard */ = {
			isa = PBXVariantGroup;
			children = (
				542DCAD0216A6F460070F98A /* Base */,
			);
			name = Main.storyboard;
			sourceTree = "<group>";
		};
		542DCAD4216A6F490070F98A /* LaunchScreen.storyboard */ = {
			isa = PBXVariantGroup;
			children = (
				542DCAD5216A6F490070F98A /* Base */,
			);
			name = LaunchScreen.storyboard;
			sourceTree = "<group>";
		};
/* End PBXVariantGroup section */

/* Begin XCBuildConfiguration section */
		542DCAD8216A6F490070F98A /* Debug */ = {
			isa = XCBuildConfiguration;
			buildSettings = {
				ALWAYS_SEARCH_USER_PATHS = NO;
				CLANG_ANALYZER_NONNULL = YES;
				CLANG_ANALYZER_NUMBER_OBJECT_CONVERSION = YES_AGGRESSIVE;
				CLANG_CXX_LANGUAGE_STANDARD = "gnu++14";
				CLANG_CXX_LIBRARY = "libc++";
				CLANG_ENABLE_MODULES = YES;
				CLANG_ENABLE_OBJC_ARC = YES;
				CLANG_ENABLE_OBJC_WEAK = YES;
				CLANG_WARN_BLOCK_CAPTURE_AUTORELEASING = YES;
				CLANG_WARN_BOOL_CONVERSION = YES;
				CLANG_WARN_COMMA = YES;
				CLANG_WARN_CONSTANT_CONVERSION = YES;
				CLANG_WARN_DEPRECATED_OBJC_IMPLEMENTATIONS = YES;
				CLANG_WARN_DIRECT_OBJC_ISA_USAGE = YES_ERROR;
				CLANG_WARN_DOCUMENTATION_COMMENTS = YES;
				CLANG_WARN_EMPTY_BODY = YES;
				CLANG_WARN_ENUM_CONVERSION = YES;
				CLANG_WARN_INFINITE_RECURSION = YES;
				CLANG_WARN_INT_CONVERSION = YES;
				CLANG_WARN_NON_LITERAL_NULL_CONVERSION = YES;
				CLANG_WARN_OBJC_IMPLICIT_RETAIN_SELF = YES;
				CLANG_WARN_OBJC_LITERAL_CONVERSION = YES;
				CLANG_WARN_OBJC_ROOT_CLASS = YES_ERROR;
				CLANG_WARN_RANGE_LOOP_ANALYSIS = YES;
				CLANG_WARN_STRICT_PROTOTYPES = YES;
				CLANG_WARN_SUSPICIOUS_MOVE = YES;
				CLANG_WARN_UNGUARDED_AVAILABILITY = YES_AGGRESSIVE;
				CLANG_WARN_UNREACHABLE_CODE = YES;
				CLANG_WARN__DUPLICATE_METHOD_MATCH = YES;
				CODE_SIGN_IDENTITY = "iPhone Developer";
				COPY_PHASE_STRIP = NO;
				DEBUG_INFORMATION_FORMAT = dwarf;
				ENABLE_STRICT_OBJC_MSGSEND = YES;
				ENABLE_TESTABILITY = YES;
				GCC_C_LANGUAGE_STANDARD = gnu11;
				GCC_DYNAMIC_NO_PIC = NO;
				GCC_NO_COMMON_BLOCKS = YES;
				GCC_OPTIMIZATION_LEVEL = 0;
				GCC_PREPROCESSOR_DEFINITIONS = (
					"DEBUG=1",
					"$(inherited)",
				);
				GCC_WARN_64_TO_32_BIT_CONVERSION = YES;
				GCC_WARN_ABOUT_RETURN_TYPE = YES_ERROR;
				GCC_WARN_UNDECLARED_SELECTOR = YES;
				GCC_WARN_UNINITIALIZED_AUTOS = YES_AGGRESSIVE;
				GCC_WARN_UNUSED_FUNCTION = YES;
				GCC_WARN_UNUSED_VARIABLE = YES;
				IPHONEOS_DEPLOYMENT_TARGET = 12.0;
				MTL_ENABLE_DEBUG_INFO = INCLUDE_SOURCE;
				MTL_FAST_MATH = YES;
				ONLY_ACTIVE_ARCH = YES;
				SDKROOT = iphoneos;
				SWIFT_ACTIVE_COMPILATION_CONDITIONS = DEBUG;
				SWIFT_OPTIMIZATION_LEVEL = "-Onone";
			};
			name = Debug;
		};
		542DCAD9216A6F490070F98A /* Release */ = {
			isa = XCBuildConfiguration;
			buildSettings = {
				ALWAYS_SEARCH_USER_PATHS = NO;
				CLANG_ANALYZER_NONNULL = YES;
				CLANG_ANALYZER_NUMBER_OBJECT_CONVERSION = YES_AGGRESSIVE;
				CLANG_CXX_LANGUAGE_STANDARD = "gnu++14";
				CLANG_CXX_LIBRARY = "libc++";
				CLANG_ENABLE_MODULES = YES;
				CLANG_ENABLE_OBJC_ARC = YES;
				CLANG_ENABLE_OBJC_WEAK = YES;
				CLANG_WARN_BLOCK_CAPTURE_AUTORELEASING = YES;
				CLANG_WARN_BOOL_CONVERSION = YES;
				CLANG_WARN_COMMA = YES;
				CLANG_WARN_CONSTANT_CONVERSION = YES;
				CLANG_WARN_DEPRECATED_OBJC_IMPLEMENTATIONS = YES;
				CLANG_WARN_DIRECT_OBJC_ISA_USAGE = YES_ERROR;
				CLANG_WARN_DOCUMENTATION_COMMENTS = YES;
				CLANG_WARN_EMPTY_BODY = YES;
				CLANG_WARN_ENUM_CONVERSION = YES;
				CLANG_WARN_INFINITE_RECURSION = YES;
				CLANG_WARN_INT_CONVERSION = YES;
				CLANG_WARN_NON_LITERAL_NULL_CONVERSION = YES;
				CLANG_WARN_OBJC_IMPLICIT_RETAIN_SELF = YES;
				CLANG_WARN_OBJC_LITERAL_CONVERSION = YES;
				CLANG_WARN_OBJC_ROOT_CLASS = YES_ERROR;
				CLANG_WARN_RANGE_LOOP_ANALYSIS = YES;
				CLANG_WARN_STRICT_PROTOTYPES = YES;
				CLANG_WARN_SUSPICIOUS_MOVE = YES;
				CLANG_WARN_UNGUARDED_AVAILABILITY = YES_AGGRESSIVE;
				CLANG_WARN_UNREACHABLE_CODE = YES;
				CLANG_WARN__DUPLICATE_METHOD_MATCH = YES;
				CODE_SIGN_IDENTITY = "iPhone Developer";
				COPY_PHASE_STRIP = NO;
				DEBUG_INFORMATION_FORMAT = "dwarf-with-dsym";
				ENABLE_NS_ASSERTIONS = NO;
				ENABLE_STRICT_OBJC_MSGSEND = YES;
				GCC_C_LANGUAGE_STANDARD = gnu11;
				GCC_NO_COMMON_BLOCKS = YES;
				GCC_WARN_64_TO_32_BIT_CONVERSION = YES;
				GCC_WARN_ABOUT_RETURN_TYPE = YES_ERROR;
				GCC_WARN_UNDECLARED_SELECTOR = YES;
				GCC_WARN_UNINITIALIZED_AUTOS = YES_AGGRESSIVE;
				GCC_WARN_UNUSED_FUNCTION = YES;
				GCC_WARN_UNUSED_VARIABLE = YES;
				IPHONEOS_DEPLOYMENT_TARGET = 12.0;
				MTL_ENABLE_DEBUG_INFO = NO;
				MTL_FAST_MATH = YES;
				SDKROOT = iphoneos;
				SWIFT_COMPILATION_MODE = wholemodule;
				SWIFT_OPTIMIZATION_LEVEL = "-O";
				VALIDATE_PRODUCT = YES;
			};
			name = Release;
		};
		542DCADB216A6F490070F98A /* Debug */ = {
			isa = XCBuildConfiguration;
			baseConfigurationReference = 8B70B875C41584F34EDF9D5F /* Pods-Town of Salem.debug.xcconfig */;
			buildSettings = {
				ASSETCATALOG_COMPILER_APPICON_NAME = AppIcon;
				CODE_SIGN_STYLE = Automatic;
				DEVELOPMENT_TEAM = CSD326H7VF;
				INFOPLIST_FILE = "Town of Salem/Info.plist";
				IPHONEOS_DEPLOYMENT_TARGET = 11.0;
				LD_RUNPATH_SEARCH_PATHS = (
					"$(inherited)",
					"@executable_path/Frameworks",
				);
				PRODUCT_BUNDLE_IDENTIFIER = "eu.codeyard.Town-of-Salem";
				PRODUCT_NAME = "$(TARGET_NAME)";
				SWIFT_VERSION = 4.2;
				TARGETED_DEVICE_FAMILY = "1,2";
			};
			name = Debug;
		};
		542DCADC216A6F490070F98A /* Release */ = {
			isa = XCBuildConfiguration;
			baseConfigurationReference = 00932EA1637FBE2EA8E41989 /* Pods-Town of Salem.release.xcconfig */;
			buildSettings = {
				ASSETCATALOG_COMPILER_APPICON_NAME = AppIcon;
				CODE_SIGN_STYLE = Automatic;
				DEVELOPMENT_TEAM = CSD326H7VF;
				INFOPLIST_FILE = "Town of Salem/Info.plist";
				IPHONEOS_DEPLOYMENT_TARGET = 11.0;
				LD_RUNPATH_SEARCH_PATHS = (
					"$(inherited)",
					"@executable_path/Frameworks",
				);
				PRODUCT_BUNDLE_IDENTIFIER = "eu.codeyard.Town-of-Salem";
				PRODUCT_NAME = "$(TARGET_NAME)";
				SWIFT_VERSION = 4.2;
				TARGETED_DEVICE_FAMILY = "1,2";
			};
			name = Release;
		};
/* End XCBuildConfiguration section */

/* Begin XCConfigurationList section */
		542DCAC3216A6F460070F98A /* Build configuration list for PBXProject "Town of Salem" */ = {
			isa = XCConfigurationList;
			buildConfigurations = (
				542DCAD8216A6F490070F98A /* Debug */,
				542DCAD9216A6F490070F98A /* Release */,
			);
			defaultConfigurationIsVisible = 0;
			defaultConfigurationName = Release;
		};
		542DCADA216A6F490070F98A /* Build configuration list for PBXNativeTarget "Town of Salem" */ = {
			isa = XCConfigurationList;
			buildConfigurations = (
				542DCADB216A6F490070F98A /* Debug */,
				542DCADC216A6F490070F98A /* Release */,
			);
			defaultConfigurationIsVisible = 0;
			defaultConfigurationName = Release;
		};
/* End XCConfigurationList section */
	};
	rootObject = 542DCAC0216A6F460070F98A /* Project object */;
}
